
Microsoft Visual Studio Solution File, Format Version 12.00
# Visual Studio Version 17
VisualStudioVersion = 17.14.36221.1
MinimumVisualStudioVersion = 10.0.40219.1
Project("{2150E333-8FDC-42A3-9474-1A3956D46DE8}") = "Solution Items", "Solution Items", "{02EA681E-C7D8-13C7-8484-4AC65E1B71E8}"
	ProjectSection(SolutionItems) = preProject
		.editorconfig = .editorconfig
		Directory.Build.props = Directory.Build.props
		Directory.Packages.props = Directory.Packages.props
		README.md = README.md
	EndProjectSection
EndProject
Project("{2150E333-8FDC-42A3-9474-1A3956D46DE8}") = "Src", "Src", "{400B4F76-10A0-49F4-AE78-04434EF61DCB}"
EndProject
Project("{2150E333-8FDC-42A3-9474-1A3956D46DE8}") = "Tests", "Tests", "{31362385-F993-45DB-87B3-D96FD8AF968B}"
EndProject
Project("{2150E333-8FDC-42A3-9474-1A3956D46DE8}") = "Common", "Common", "{86E5C38E-097C-496B-811D-399C9DA7E059}"
EndProject
Project("{FAE04EC0-301F-11D3-BF4B-00C04F79EFBC}") = "Observability", "Src\Common\Observability\Observability.csproj", "{3FF132F2-EBCC-4F7F-90B8-D7D7061A0407}"
EndProject
Project("{FAE04EC0-301F-11D3-BF4B-00C04F79EFBC}") = "Pagination", "Src\Common\Pagination\Pagination.csproj", "{4DD125D8-43DC-4984-BDB6-F3A266A966FB}"
EndProject
Project("{2150E333-8FDC-42A3-9474-1A3956D46DE8}") = "Common", "Common", "{46C386FA-B0B1-44DE-9405-70034C557145}"
EndProject
Project("{FAE04EC0-301F-11D3-BF4B-00C04F79EFBC}") = "Pagination.UnitTests", "Tests\Common\Pagination.UnitTests\Pagination.UnitTests.csproj", "{129AE428-385F-4250-AFB5-68D0A7CE3B29}"
EndProject
Project("{2150E333-8FDC-42A3-9474-1A3956D46DE8}") = "Searchable", "Searchable", "{AE34672C-9CBE-4415-B992-FD7C73724A37}"
EndProject
Project("{FAE04EC0-301F-11D3-BF4B-00C04F79EFBC}") = "Searchable.Domain", "Src\Common\Searchable\Searchable.Domain\Searchable.Domain.csproj", "{1CA16D2E-B98E-422F-9E30-4FD154596683}"
EndProject
Project("{FAE04EC0-301F-11D3-BF4B-00C04F79EFBC}") = "Searchable.Core", "Src\Common\Searchable\Searchable.Core\Searchable.Core.csproj", "{A6C44CF6-DD5B-4CFA-A6CB-0DD8EC4BFED5}"
EndProject
Project("{FAE04EC0-301F-11D3-BF4B-00C04F79EFBC}") = "Searchable.UnitTests", "Tests\Common\Searchable.UnitTests\Searchable.UnitTests.csproj", "{D720ED81-8363-4F2F-8A8E-556D98608567}"
EndProject
Project("{FAE04EC0-301F-11D3-BF4B-00C04F79EFBC}") = "Domain.Support", "Src\Common\Domain.Support\Domain.Support.csproj", "{3DEED715-7183-4F5B-B94E-ECB6B7BF0D94}"
EndProject
Project("{2150E333-8FDC-42A3-9474-1A3956D46DE8}") = "Identification", "Identification", "{E61275BB-1F33-4175-BE72-229B55F11CC0}"
EndProject
Project("{FAE04EC0-301F-11D3-BF4B-00C04F79EFBC}") = "Identification.Base", "Src\Common\Identification\Identification.Base\Identification.Base.csproj", "{FCA34C58-5791-4E13-8F81-AD96B615F830}"
EndProject
Project("{FAE04EC0-301F-11D3-BF4B-00C04F79EFBC}") = "Identification.Core", "Src\Common\Identification.Core\Identification.Core.csproj", "{8CDF481B-BADB-42C2-9FEE-24950AC87E29}"
EndProject
Project("{FAE04EC0-301F-11D3-BF4B-00C04F79EFBC}") = "Identification.UnitTests", "Tests\Common\Identification.UnitTests\Identification.UnitTests.csproj", "{4668494C-F95F-4B69-9893-72D37FC14D85}"
EndProject
Project("{2150E333-8FDC-42A3-9474-1A3956D46DE8}") = "Repository", "Repository", "{7B0B8A6B-461B-435B-8231-6EB90ED26D13}"
EndProject
Project("{FAE04EC0-301F-11D3-BF4B-00C04F79EFBC}") = "Repository.Base", "Src\Common\Repository\Repository.Base\Repository.Base.csproj", "{314DC42C-D91C-43D0-9859-F0C3280248F5}"
EndProject
Project("{FAE04EC0-301F-11D3-BF4B-00C04F79EFBC}") = "Repository.Core", "Src\Common\Repository\Repository.Core\Repository.Core.csproj", "{4C616ACA-4E13-4EFF-A4FE-7290D5A502FE}"
EndProject
Project("{FAE04EC0-301F-11D3-BF4B-00C04F79EFBC}") = "Repository.UnitTests", "Tests\Common\Repository.UnitTests\Repository.UnitTests.csproj", "{091584AA-586F-4B3A-8445-772FD628DBB5}"
EndProject
Project("{2150E333-8FDC-42A3-9474-1A3956D46DE8}") = "CQRS", "CQRS", "{EBA1FD2B-FB4E-498D-BA31-BB448A9C1D08}"
EndProject
Project("{FAE04EC0-301F-11D3-BF4B-00C04F79EFBC}") = "CQRS.Base", "Src\Common\CQRS\CQRS.Base\CQRS.Base.csproj", "{98A2D870-9328-4366-94A9-50BA5042B171}"
EndProject
Project("{FAE04EC0-301F-11D3-BF4B-00C04F79EFBC}") = "CQRS.Core", "Src\Common\CQRS\CQRS.Core\CQRS.Core.csproj", "{E3C203DD-9BDE-408E-9A68-AEF78043D70F}"
EndProject
Project("{FAE04EC0-301F-11D3-BF4B-00C04F79EFBC}") = "CQRS.Event.Base", "Src\Common\CQRS\CQRS.Event.Base\CQRS.Event.Base.csproj", "{36F84F2B-A3C7-43AA-85C3-CC60C98258EB}"
EndProject
Project("{FAE04EC0-301F-11D3-BF4B-00C04F79EFBC}") = "CQRS.Event.Core", "Src\Common\CQRS\CQRS.Event.Core\CQRS.Event.Core.csproj", "{0279E0EC-1C18-43D4-BF7F-081E42984C13}"
EndProject
Project("{2150E333-8FDC-42A3-9474-1A3956D46DE8}") = "Services", "Services", "{AEA88822-A492-49C4-AE6B-E29291779EBA}"
EndProject
Project("{2150E333-8FDC-42A3-9474-1A3956D46DE8}") = "GauTracker", "GauTracker", "{5600697A-8523-4101-8B54-AC623D950961}"
EndProject
Project("{FAE04EC0-301F-11D3-BF4B-00C04F79EFBC}") = "GauTracker.Domain", "Src\Services\GauTracker\GauTracker.Domain\GauTracker.Domain.csproj", "{6D40D4E3-3414-4AD9-9E63-102D0D66EFB7}"
EndProject
Project("{FAE04EC0-301F-11D3-BF4B-00C04F79EFBC}") = "GauTracker.Application", "Src\Services\GauTracker\GauTracker.Application\GauTracker.Application.csproj", "{818685B4-9645-40E7-879D-07442E7587F8}"
EndProject
Project("{FAE04EC0-301F-11D3-BF4B-00C04F79EFBC}") = "GauTracker.Infrastructure", "Src\Services\GauTracker\GauTracker.Infrastructure\GauTracker.Infrastructure.csproj", "{3F977213-2D01-407B-94C6-07C499AB697B}"
EndProject
Project("{FAE04EC0-301F-11D3-BF4B-00C04F79EFBC}") = "GauTracker.API", "Src\Services\GauTracker\GauTracker.API\GauTracker.API.csproj", "{3D38B20B-B4F4-4A26-B774-1B652A710EDC}"
EndProject
Project("{2150E333-8FDC-42A3-9474-1A3956D46DE8}") = "Services", "Services", "{E086680A-A8DC-4E75-83E7-694D380EE0F5}"
EndProject
Project("{2150E333-8FDC-42A3-9474-1A3956D46DE8}") = "GauTracker", "GauTracker", "{095DF629-A3CE-4C17-A0AB-82E397BC95AD}"
EndProject
Project("{FAE04EC0-301F-11D3-BF4B-00C04F79EFBC}") = "GauTracker.Architecture.UnitTests", "Tests\Services\GauTracker\GauTracker.Architecture.UnitTests\GauTracker.Architecture.UnitTests.csproj", "{54ADD4DF-0B06-4953-946D-36A7CAE6960C}"
EndProject
Project("{2150E333-8FDC-42A3-9474-1A3956D46DE8}") = "Core", "Core", "{9C0AE1DC-8F04-44AD-9219-6396D875C283}"
EndProject
Project("{FAE04EC0-301F-11D3-BF4B-00C04F79EFBC}") = "Domain.Core", "Src\Core\Domain.Core\Domain.Core.csproj", "{4FA5507F-AFFB-429E-A84F-60FA3A8E6089}"
EndProject
Project("{FAE04EC0-301F-11D3-BF4B-00C04F79EFBC}") = "Infrastructure.Core", "Src\Core\Infrastructure.Core\Infrastructure.Core.csproj", "{06964AAF-10CB-4D4D-A96C-913DD5E6A59E}"
EndProject
Project("{E53339B2-1760-4266-BCC7-CA923CBCF16C}") = "docker-compose", "docker-compose.dcproj", "{81DDED9D-158B-E303-5F62-77A2896D2A5A}"
EndProject
Project("{2150E333-8FDC-42A3-9474-1A3956D46DE8}") = "Background", "Background", "{3C2736B5-BB33-42EF-B1DF-502BC1AF08B4}"
EndProject
Project("{FAE04EC0-301F-11D3-BF4B-00C04F79EFBC}") = "Background.Domain", "Src\Services\Background\Background.Domain\Background.Domain.csproj", "{D127646B-7681-46A5-8AF1-00C1D45A452E}"
EndProject
Project("{FAE04EC0-301F-11D3-BF4B-00C04F79EFBC}") = "Background.Application", "Src\Services\Background\Background.Application\Background.Application.csproj", "{B05A3D5D-4498-4C4C-A2A6-65D6B505EACA}"
EndProject
Project("{FAE04EC0-301F-11D3-BF4B-00C04F79EFBC}") = "Background.Infrastructure", "Src\Services\Background\Background.Infrastructure\Background.Infrastructure.csproj", "{EFCA8831-0B31-4CAF-8DC5-31F29FD2B95C}"
EndProject
Project("{FAE04EC0-301F-11D3-BF4B-00C04F79EFBC}") = "Background.API", "Src\Services\Background\Background.API\Background.API.csproj", "{7CE4D094-4707-4AAD-9DB5-A28E4FB4B219}"
EndProject
Project("{2150E333-8FDC-42A3-9474-1A3956D46DE8}") = "Background", "Background", "{E190E7D8-58C1-4878-BDBA-E1B2E61ADEFA}"
EndProject
Project("{FAE04EC0-301F-11D3-BF4B-00C04F79EFBC}") = "Background.Architecture.UnitTests", "Tests\Services\Background\Background.Architecture.UnitTests\Background.Architecture.UnitTests.csproj", "{737F9F11-8446-43D1-8C0B-47C563733950}"
EndProject
Global
	GlobalSection(SolutionConfigurationPlatforms) = preSolution
		Debug|Any CPU = Debug|Any CPU
		Release|Any CPU = Release|Any CPU
	EndGlobalSection
	GlobalSection(ProjectConfigurationPlatforms) = postSolution
		{3FF132F2-EBCC-4F7F-90B8-D7D7061A0407}.Debug|Any CPU.ActiveCfg = Debug|Any CPU
		{3FF132F2-EBCC-4F7F-90B8-D7D7061A0407}.Debug|Any CPU.Build.0 = Debug|Any CPU
		{3FF132F2-EBCC-4F7F-90B8-D7D7061A0407}.Release|Any CPU.ActiveCfg = Release|Any CPU
		{3FF132F2-EBCC-4F7F-90B8-D7D7061A0407}.Release|Any CPU.Build.0 = Release|Any CPU
		{4DD125D8-43DC-4984-BDB6-F3A266A966FB}.Debug|Any CPU.ActiveCfg = Debug|Any CPU
		{4DD125D8-43DC-4984-BDB6-F3A266A966FB}.Debug|Any CPU.Build.0 = Debug|Any CPU
		{4DD125D8-43DC-4984-BDB6-F3A266A966FB}.Release|Any CPU.ActiveCfg = Release|Any CPU
		{4DD125D8-43DC-4984-BDB6-F3A266A966FB}.Release|Any CPU.Build.0 = Release|Any CPU
		{129AE428-385F-4250-AFB5-68D0A7CE3B29}.Debug|Any CPU.ActiveCfg = Debug|Any CPU
		{129AE428-385F-4250-AFB5-68D0A7CE3B29}.Debug|Any CPU.Build.0 = Debug|Any CPU
		{129AE428-385F-4250-AFB5-68D0A7CE3B29}.Release|Any CPU.ActiveCfg = Release|Any CPU
		{129AE428-385F-4250-AFB5-68D0A7CE3B29}.Release|Any CPU.Build.0 = Release|Any CPU
		{1CA16D2E-B98E-422F-9E30-4FD154596683}.Debug|Any CPU.ActiveCfg = Debug|Any CPU
		{1CA16D2E-B98E-422F-9E30-4FD154596683}.Debug|Any CPU.Build.0 = Debug|Any CPU
		{1CA16D2E-B98E-422F-9E30-4FD154596683}.Release|Any CPU.ActiveCfg = Release|Any CPU
		{1CA16D2E-B98E-422F-9E30-4FD154596683}.Release|Any CPU.Build.0 = Release|Any CPU
		{A6C44CF6-DD5B-4CFA-A6CB-0DD8EC4BFED5}.Debug|Any CPU.ActiveCfg = Debug|Any CPU
		{A6C44CF6-DD5B-4CFA-A6CB-0DD8EC4BFED5}.Debug|Any CPU.Build.0 = Debug|Any CPU
		{A6C44CF6-DD5B-4CFA-A6CB-0DD8EC4BFED5}.Release|Any CPU.ActiveCfg = Release|Any CPU
		{A6C44CF6-DD5B-4CFA-A6CB-0DD8EC4BFED5}.Release|Any CPU.Build.0 = Release|Any CPU
		{D720ED81-8363-4F2F-8A8E-556D98608567}.Debug|Any CPU.ActiveCfg = Debug|Any CPU
		{D720ED81-8363-4F2F-8A8E-556D98608567}.Debug|Any CPU.Build.0 = Debug|Any CPU
		{D720ED81-8363-4F2F-8A8E-556D98608567}.Release|Any CPU.ActiveCfg = Release|Any CPU
		{D720ED81-8363-4F2F-8A8E-556D98608567}.Release|Any CPU.Build.0 = Release|Any CPU
		{3DEED715-7183-4F5B-B94E-ECB6B7BF0D94}.Debug|Any CPU.ActiveCfg = Debug|Any CPU
		{3DEED715-7183-4F5B-B94E-ECB6B7BF0D94}.Debug|Any CPU.Build.0 = Debug|Any CPU
		{3DEED715-7183-4F5B-B94E-ECB6B7BF0D94}.Release|Any CPU.ActiveCfg = Release|Any CPU
		{3DEED715-7183-4F5B-B94E-ECB6B7BF0D94}.Release|Any CPU.Build.0 = Release|Any CPU
		{FCA34C58-5791-4E13-8F81-AD96B615F830}.Debug|Any CPU.ActiveCfg = Debug|Any CPU
		{FCA34C58-5791-4E13-8F81-AD96B615F830}.Debug|Any CPU.Build.0 = Debug|Any CPU
		{FCA34C58-5791-4E13-8F81-AD96B615F830}.Release|Any CPU.ActiveCfg = Release|Any CPU
		{FCA34C58-5791-4E13-8F81-AD96B615F830}.Release|Any CPU.Build.0 = Release|Any CPU
		{8CDF481B-BADB-42C2-9FEE-24950AC87E29}.Debug|Any CPU.ActiveCfg = Debug|Any CPU
		{8CDF481B-BADB-42C2-9FEE-24950AC87E29}.Debug|Any CPU.Build.0 = Debug|Any CPU
		{8CDF481B-BADB-42C2-9FEE-24950AC87E29}.Release|Any CPU.ActiveCfg = Release|Any CPU
		{8CDF481B-BADB-42C2-9FEE-24950AC87E29}.Release|Any CPU.Build.0 = Release|Any CPU
		{4668494C-F95F-4B69-9893-72D37FC14D85}.Debug|Any CPU.ActiveCfg = Debug|Any CPU
		{4668494C-F95F-4B69-9893-72D37FC14D85}.Debug|Any CPU.Build.0 = Debug|Any CPU
		{4668494C-F95F-4B69-9893-72D37FC14D85}.Release|Any CPU.ActiveCfg = Release|Any CPU
		{4668494C-F95F-4B69-9893-72D37FC14D85}.Release|Any CPU.Build.0 = Release|Any CPU
		{314DC42C-D91C-43D0-9859-F0C3280248F5}.Debug|Any CPU.ActiveCfg = Debug|Any CPU
		{314DC42C-D91C-43D0-9859-F0C3280248F5}.Debug|Any CPU.Build.0 = Debug|Any CPU
		{314DC42C-D91C-43D0-9859-F0C3280248F5}.Release|Any CPU.ActiveCfg = Release|Any CPU
		{314DC42C-D91C-43D0-9859-F0C3280248F5}.Release|Any CPU.Build.0 = Release|Any CPU
		{4C616ACA-4E13-4EFF-A4FE-7290D5A502FE}.Debug|Any CPU.ActiveCfg = Debug|Any CPU
		{4C616ACA-4E13-4EFF-A4FE-7290D5A502FE}.Debug|Any CPU.Build.0 = Debug|Any CPU
		{4C616ACA-4E13-4EFF-A4FE-7290D5A502FE}.Release|Any CPU.ActiveCfg = Release|Any CPU
		{4C616ACA-4E13-4EFF-A4FE-7290D5A502FE}.Release|Any CPU.Build.0 = Release|Any CPU
		{091584AA-586F-4B3A-8445-772FD628DBB5}.Debug|Any CPU.ActiveCfg = Debug|Any CPU
		{091584AA-586F-4B3A-8445-772FD628DBB5}.Debug|Any CPU.Build.0 = Debug|Any CPU
		{091584AA-586F-4B3A-8445-772FD628DBB5}.Release|Any CPU.ActiveCfg = Release|Any CPU
		{091584AA-586F-4B3A-8445-772FD628DBB5}.Release|Any CPU.Build.0 = Release|Any CPU
		{98A2D870-9328-4366-94A9-50BA5042B171}.Debug|Any CPU.ActiveCfg = Debug|Any CPU
		{98A2D870-9328-4366-94A9-50BA5042B171}.Debug|Any CPU.Build.0 = Debug|Any CPU
		{98A2D870-9328-4366-94A9-50BA5042B171}.Release|Any CPU.ActiveCfg = Release|Any CPU
		{98A2D870-9328-4366-94A9-50BA5042B171}.Release|Any CPU.Build.0 = Release|Any CPU
		{E3C203DD-9BDE-408E-9A68-AEF78043D70F}.Debug|Any CPU.ActiveCfg = Debug|Any CPU
		{E3C203DD-9BDE-408E-9A68-AEF78043D70F}.Debug|Any CPU.Build.0 = Debug|Any CPU
		{E3C203DD-9BDE-408E-9A68-AEF78043D70F}.Release|Any CPU.ActiveCfg = Release|Any CPU
		{E3C203DD-9BDE-408E-9A68-AEF78043D70F}.Release|Any CPU.Build.0 = Release|Any CPU
		{36F84F2B-A3C7-43AA-85C3-CC60C98258EB}.Debug|Any CPU.ActiveCfg = Debug|Any CPU
		{36F84F2B-A3C7-43AA-85C3-CC60C98258EB}.Debug|Any CPU.Build.0 = Debug|Any CPU
		{36F84F2B-A3C7-43AA-85C3-CC60C98258EB}.Release|Any CPU.ActiveCfg = Release|Any CPU
		{36F84F2B-A3C7-43AA-85C3-CC60C98258EB}.Release|Any CPU.Build.0 = Release|Any CPU
		{0279E0EC-1C18-43D4-BF7F-081E42984C13}.Debug|Any CPU.ActiveCfg = Debug|Any CPU
		{0279E0EC-1C18-43D4-BF7F-081E42984C13}.Debug|Any CPU.Build.0 = Debug|Any CPU
		{0279E0EC-1C18-43D4-BF7F-081E42984C13}.Release|Any CPU.ActiveCfg = Release|Any CPU
		{0279E0EC-1C18-43D4-BF7F-081E42984C13}.Release|Any CPU.Build.0 = Release|Any CPU
		{6D40D4E3-3414-4AD9-9E63-102D0D66EFB7}.Debug|Any CPU.ActiveCfg = Debug|Any CPU
		{6D40D4E3-3414-4AD9-9E63-102D0D66EFB7}.Debug|Any CPU.Build.0 = Debug|Any CPU
		{6D40D4E3-3414-4AD9-9E63-102D0D66EFB7}.Release|Any CPU.ActiveCfg = Release|Any CPU
		{6D40D4E3-3414-4AD9-9E63-102D0D66EFB7}.Release|Any CPU.Build.0 = Release|Any CPU
		{818685B4-9645-40E7-879D-07442E7587F8}.Debug|Any CPU.ActiveCfg = Debug|Any CPU
		{818685B4-9645-40E7-879D-07442E7587F8}.Debug|Any CPU.Build.0 = Debug|Any CPU
		{818685B4-9645-40E7-879D-07442E7587F8}.Release|Any CPU.ActiveCfg = Release|Any CPU
		{818685B4-9645-40E7-879D-07442E7587F8}.Release|Any CPU.Build.0 = Release|Any CPU
		{3F977213-2D01-407B-94C6-07C499AB697B}.Debug|Any CPU.ActiveCfg = Debug|Any CPU
		{3F977213-2D01-407B-94C6-07C499AB697B}.Debug|Any CPU.Build.0 = Debug|Any CPU
		{3F977213-2D01-407B-94C6-07C499AB697B}.Release|Any CPU.ActiveCfg = Release|Any CPU
		{3F977213-2D01-407B-94C6-07C499AB697B}.Release|Any CPU.Build.0 = Release|Any CPU
		{3D38B20B-B4F4-4A26-B774-1B652A710EDC}.Debug|Any CPU.ActiveCfg = Debug|Any CPU
		{3D38B20B-B4F4-4A26-B774-1B652A710EDC}.Debug|Any CPU.Build.0 = Debug|Any CPU
		{3D38B20B-B4F4-4A26-B774-1B652A710EDC}.Release|Any CPU.ActiveCfg = Release|Any CPU
		{3D38B20B-B4F4-4A26-B774-1B652A710EDC}.Release|Any CPU.Build.0 = Release|Any CPU
		{54ADD4DF-0B06-4953-946D-36A7CAE6960C}.Debug|Any CPU.ActiveCfg = Debug|Any CPU
		{54ADD4DF-0B06-4953-946D-36A7CAE6960C}.Debug|Any CPU.Build.0 = Debug|Any CPU
		{54ADD4DF-0B06-4953-946D-36A7CAE6960C}.Release|Any CPU.ActiveCfg = Release|Any CPU
		{54ADD4DF-0B06-4953-946D-36A7CAE6960C}.Release|Any CPU.Build.0 = Release|Any CPU
		{4FA5507F-AFFB-429E-A84F-60FA3A8E6089}.Debug|Any CPU.ActiveCfg = Debug|Any CPU
		{4FA5507F-AFFB-429E-A84F-60FA3A8E6089}.Debug|Any CPU.Build.0 = Debug|Any CPU
		{4FA5507F-AFFB-429E-A84F-60FA3A8E6089}.Release|Any CPU.ActiveCfg = Release|Any CPU
		{4FA5507F-AFFB-429E-A84F-60FA3A8E6089}.Release|Any CPU.Build.0 = Release|Any CPU
		{06964AAF-10CB-4D4D-A96C-913DD5E6A59E}.Debug|Any CPU.ActiveCfg = Debug|Any CPU
		{06964AAF-10CB-4D4D-A96C-913DD5E6A59E}.Debug|Any CPU.Build.0 = Debug|Any CPU
		{06964AAF-10CB-4D4D-A96C-913DD5E6A59E}.Release|Any CPU.ActiveCfg = Release|Any CPU
		{06964AAF-10CB-4D4D-A96C-913DD5E6A59E}.Release|Any CPU.Build.0 = Release|Any CPU
		{81DDED9D-158B-E303-5F62-77A2896D2A5A}.Debug|Any CPU.ActiveCfg = Debug|Any CPU
		{81DDED9D-158B-E303-5F62-77A2896D2A5A}.Debug|Any CPU.Build.0 = Debug|Any CPU
		{81DDED9D-158B-E303-5F62-77A2896D2A5A}.Release|Any CPU.ActiveCfg = Release|Any CPU
		{81DDED9D-158B-E303-5F62-77A2896D2A5A}.Release|Any CPU.Build.0 = Release|Any CPU
		{D127646B-7681-46A5-8AF1-00C1D45A452E}.Debug|Any CPU.ActiveCfg = Debug|Any CPU
		{D127646B-7681-46A5-8AF1-00C1D45A452E}.Debug|Any CPU.Build.0 = Debug|Any CPU
		{D127646B-7681-46A5-8AF1-00C1D45A452E}.Release|Any CPU.ActiveCfg = Release|Any CPU
		{D127646B-7681-46A5-8AF1-00C1D45A452E}.Release|Any CPU.Build.0 = Release|Any CPU
		{B05A3D5D-4498-4C4C-A2A6-65D6B505EACA}.Debug|Any CPU.ActiveCfg = Debug|Any CPU
		{B05A3D5D-4498-4C4C-A2A6-65D6B505EACA}.Debug|Any CPU.Build.0 = Debug|Any CPU
		{B05A3D5D-4498-4C4C-A2A6-65D6B505EACA}.Release|Any CPU.ActiveCfg = Release|Any CPU
		{B05A3D5D-4498-4C4C-A2A6-65D6B505EACA}.Release|Any CPU.Build.0 = Release|Any CPU
		{EFCA8831-0B31-4CAF-8DC5-31F29FD2B95C}.Debug|Any CPU.ActiveCfg = Debug|Any CPU
		{EFCA8831-0B31-4CAF-8DC5-31F29FD2B95C}.Debug|Any CPU.Build.0 = Debug|Any CPU
		{EFCA8831-0B31-4CAF-8DC5-31F29FD2B95C}.Release|Any CPU.ActiveCfg = Release|Any CPU
		{EFCA8831-0B31-4CAF-8DC5-31F29FD2B95C}.Release|Any CPU.Build.0 = Release|Any CPU
		{7CE4D094-4707-4AAD-9DB5-A28E4FB4B219}.Debug|Any CPU.ActiveCfg = Debug|Any CPU
		{7CE4D094-4707-4AAD-9DB5-A28E4FB4B219}.Debug|Any CPU.Build.0 = Debug|Any CPU
		{7CE4D094-4707-4AAD-9DB5-A28E4FB4B219}.Release|Any CPU.ActiveCfg = Release|Any CPU
		{7CE4D094-4707-4AAD-9DB5-A28E4FB4B219}.Release|Any CPU.Build.0 = Release|Any CPU
		{737F9F11-8446-43D1-8C0B-47C563733950}.Debug|Any CPU.ActiveCfg = Debug|Any CPU
		{737F9F11-8446-43D1-8C0B-47C563733950}.Debug|Any CPU.Build.0 = Debug|Any CPU
		{737F9F11-8446-43D1-8C0B-47C563733950}.Release|Any CPU.ActiveCfg = Release|Any CPU
		{737F9F11-8446-43D1-8C0B-47C563733950}.Release|Any CPU.Build.0 = Release|Any CPU
	EndGlobalSection
	GlobalSection(SolutionProperties) = preSolution
		HideSolutionNode = FALSE
	EndGlobalSection
	GlobalSection(NestedProjects) = preSolution
		{86E5C38E-097C-496B-811D-399C9DA7E059} = {400B4F76-10A0-49F4-AE78-04434EF61DCB}
		{3FF132F2-EBCC-4F7F-90B8-D7D7061A0407} = {86E5C38E-097C-496B-811D-399C9DA7E059}
		{4DD125D8-43DC-4984-BDB6-F3A266A966FB} = {86E5C38E-097C-496B-811D-399C9DA7E059}
		{46C386FA-B0B1-44DE-9405-70034C557145} = {31362385-F993-45DB-87B3-D96FD8AF968B}
		{129AE428-385F-4250-AFB5-68D0A7CE3B29} = {46C386FA-B0B1-44DE-9405-70034C557145}
		{AE34672C-9CBE-4415-B992-FD7C73724A37} = {86E5C38E-097C-496B-811D-399C9DA7E059}
		{1CA16D2E-B98E-422F-9E30-4FD154596683} = {AE34672C-9CBE-4415-B992-FD7C73724A37}
		{A6C44CF6-DD5B-4CFA-A6CB-0DD8EC4BFED5} = {AE34672C-9CBE-4415-B992-FD7C73724A37}
		{D720ED81-8363-4F2F-8A8E-556D98608567} = {46C386FA-B0B1-44DE-9405-70034C557145}
		{3DEED715-7183-4F5B-B94E-ECB6B7BF0D94} = {86E5C38E-097C-496B-811D-399C9DA7E059}
		{E61275BB-1F33-4175-BE72-229B55F11CC0} = {86E5C38E-097C-496B-811D-399C9DA7E059}
		{FCA34C58-5791-4E13-8F81-AD96B615F830} = {E61275BB-1F33-4175-BE72-229B55F11CC0}
		{8CDF481B-BADB-42C2-9FEE-24950AC87E29} = {E61275BB-1F33-4175-BE72-229B55F11CC0}
		{4668494C-F95F-4B69-9893-72D37FC14D85} = {46C386FA-B0B1-44DE-9405-70034C557145}
		{7B0B8A6B-461B-435B-8231-6EB90ED26D13} = {86E5C38E-097C-496B-811D-399C9DA7E059}
		{314DC42C-D91C-43D0-9859-F0C3280248F5} = {7B0B8A6B-461B-435B-8231-6EB90ED26D13}
		{4C616ACA-4E13-4EFF-A4FE-7290D5A502FE} = {7B0B8A6B-461B-435B-8231-6EB90ED26D13}
		{091584AA-586F-4B3A-8445-772FD628DBB5} = {46C386FA-B0B1-44DE-9405-70034C557145}
		{EBA1FD2B-FB4E-498D-BA31-BB448A9C1D08} = {86E5C38E-097C-496B-811D-399C9DA7E059}
		{98A2D870-9328-4366-94A9-50BA5042B171} = {EBA1FD2B-FB4E-498D-BA31-BB448A9C1D08}
		{E3C203DD-9BDE-408E-9A68-AEF78043D70F} = {EBA1FD2B-FB4E-498D-BA31-BB448A9C1D08}
		{36F84F2B-A3C7-43AA-85C3-CC60C98258EB} = {EBA1FD2B-FB4E-498D-BA31-BB448A9C1D08}
		{0279E0EC-1C18-43D4-BF7F-081E42984C13} = {EBA1FD2B-FB4E-498D-BA31-BB448A9C1D08}
		{AEA88822-A492-49C4-AE6B-E29291779EBA} = {400B4F76-10A0-49F4-AE78-04434EF61DCB}
		{5600697A-8523-4101-8B54-AC623D950961} = {AEA88822-A492-49C4-AE6B-E29291779EBA}
		{6D40D4E3-3414-4AD9-9E63-102D0D66EFB7} = {5600697A-8523-4101-8B54-AC623D950961}
		{818685B4-9645-40E7-879D-07442E7587F8} = {5600697A-8523-4101-8B54-AC623D950961}
		{3F977213-2D01-407B-94C6-07C499AB697B} = {5600697A-8523-4101-8B54-AC623D950961}
		{3D38B20B-B4F4-4A26-B774-1B652A710EDC} = {5600697A-8523-4101-8B54-AC623D950961}
		{E086680A-A8DC-4E75-83E7-694D380EE0F5} = {31362385-F993-45DB-87B3-D96FD8AF968B}
		{095DF629-A3CE-4C17-A0AB-82E397BC95AD} = {E086680A-A8DC-4E75-83E7-694D380EE0F5}
		{54ADD4DF-0B06-4953-946D-36A7CAE6960C} = {095DF629-A3CE-4C17-A0AB-82E397BC95AD}
		{9C0AE1DC-8F04-44AD-9219-6396D875C283} = {400B4F76-10A0-49F4-AE78-04434EF61DCB}
		{4FA5507F-AFFB-429E-A84F-60FA3A8E6089} = {9C0AE1DC-8F04-44AD-9219-6396D875C283}
		{06964AAF-10CB-4D4D-A96C-913DD5E6A59E} = {9C0AE1DC-8F04-44AD-9219-6396D875C283}
		{3C2736B5-BB33-42EF-B1DF-502BC1AF08B4} = {AEA88822-A492-49C4-AE6B-E29291779EBA}
		{D127646B-7681-46A5-8AF1-00C1D45A452E} = {3C2736B5-BB33-42EF-B1DF-502BC1AF08B4}
		{B05A3D5D-4498-4C4C-A2A6-65D6B505EACA} = {3C2736B5-BB33-42EF-B1DF-502BC1AF08B4}
		{EFCA8831-0B31-4CAF-8DC5-31F29FD2B95C} = {3C2736B5-BB33-42EF-B1DF-502BC1AF08B4}
		{7CE4D094-4707-4AAD-9DB5-A28E4FB4B219} = {3C2736B5-BB33-42EF-B1DF-502BC1AF08B4}
		{E190E7D8-58C1-4878-BDBA-E1B2E61ADEFA} = {E086680A-A8DC-4E75-83E7-694D380EE0F5}
		{737F9F11-8446-43D1-8C0B-47C563733950} = {E190E7D8-58C1-4878-BDBA-E1B2E61ADEFA}
	EndGlobalSection
	GlobalSection(ExtensibilityGlobals) = postSolution
		SolutionGuid = {6C30298C-76CB-4749-813E-0EECFE0B93F7}
	EndGlobalSection
EndGlobal
